
Microsoft Visual Studio Solution File, Format Version 12.00
# Visual Studio Version 16
VisualStudioVersion = 16.0.31624.102
MinimumVisualStudioVersion = 10.0.40219.1
Project("{FAE04EC0-301F-11D3-BF4B-00C04F79EFBC}") = "ExercicioEnumComposicao1", "ExercicioEnumComposicao1\ExercicioEnumComposicao1.csproj", "{D45053A8-045D-47AB-99C8-B2907F45A7A1}"
EndProject
Global
	GlobalSection(SolutionConfigurationPlatforms) = preSolution
		Debug|Any CPU = Debug|Any CPU
		Release|Any CPU = Release|Any CPU
	EndGlobalSection
	GlobalSection(ProjectConfigurationPlatforms) = postSolution
		{D45053A8-045D-47AB-99C8-B2907F45A7A1}.Debug|Any CPU.ActiveCfg = Debug|Any CPU
		{D45053A8-045D-47AB-99C8-B2907F45A7A1}.Debug|Any CPU.Build.0 = Debug|Any CPU
		{D45053A8-045D-47AB-99C8-B2907F45A7A1}.Release|Any CPU.ActiveCfg = Release|Any CPU
		{D45053A8-045D-47AB-99C8-B2907F45A7A1}.Release|Any CPU.Build.0 = Release|Any CPU
	EndGlobalSection
	GlobalSection(SolutionProperties) = preSolution
		HideSolutionNode = FALSE
	EndGlobalSection
	GlobalSection(ExtensibilityGlobals) = postSolution
		SolutionGuid = {F8D1A551-B337-411F-8F39-456A67645FDD}
	EndGlobalSection
EndGlobal
